
Microsoft Visual Studio Solution File, Format Version 12.00
# Visual Studio Version 17
VisualStudioVersion = 17.1.32328.378
MinimumVisualStudioVersion = 10.0.40219.1
Project("{FAE04EC0-301F-11D3-BF4B-00C04F79EFBC}") = "WebUtils.HttpLogging.Sample", "WebUtils.HttpLogging.Sample\WebUtils.HttpLogging.Sample.csproj", "{29DF14FA-BE4E-4EC6-ADD3-42E7E7DA7598}"
EndProject
Project("{FAE04EC0-301F-11D3-BF4B-00C04F79EFBC}") = "WebUtils.HttpLogging", "WebUtils.HttpLogging\WebUtils.HttpLogging.csproj", "{759C2DC2-02D6-4C4A-8E01-583B0DBE3FCD}"
EndProject
Global
	GlobalSection(SolutionConfigurationPlatforms) = preSolution
		Debug|Any CPU = Debug|Any CPU
		Release|Any CPU = Release|Any CPU
	EndGlobalSection
	GlobalSection(ProjectConfigurationPlatforms) = postSolution
		{29DF14FA-BE4E-4EC6-ADD3-42E7E7DA7598}.Debug|Any CPU.ActiveCfg = Debug|Any CPU
		{29DF14FA-BE4E-4EC6-ADD3-42E7E7DA7598}.Debug|Any CPU.Build.0 = Debug|Any CPU
		{29DF14FA-BE4E-4EC6-ADD3-42E7E7DA7598}.Release|Any CPU.ActiveCfg = Release|Any CPU
		{29DF14FA-BE4E-4EC6-ADD3-42E7E7DA7598}.Release|Any CPU.Build.0 = Release|Any CPU
		{759C2DC2-02D6-4C4A-8E01-583B0DBE3FCD}.Debug|Any CPU.ActiveCfg = Debug|Any CPU
		{759C2DC2-02D6-4C4A-8E01-583B0DBE3FCD}.Debug|Any CPU.Build.0 = Debug|Any CPU
		{759C2DC2-02D6-4C4A-8E01-583B0DBE3FCD}.Release|Any CPU.ActiveCfg = Release|Any CPU
		{759C2DC2-02D6-4C4A-8E01-583B0DBE3FCD}.Release|Any CPU.Build.0 = Release|Any CPU
	EndGlobalSection
	GlobalSection(SolutionProperties) = preSolution
		HideSolutionNode = FALSE
	EndGlobalSection
	GlobalSection(ExtensibilityGlobals) = postSolution
		SolutionGuid = {52230195-3E52-4841-89DB-0C64F878A30A}
	EndGlobalSection
EndGlobal
